
Microsoft Visual Studio Solution File, Format Version 12.00
# Visual Studio Version 16
VisualStudioVersion = 16.0.29102.190
MinimumVisualStudioVersion = 10.0.40219.1
Project("{888888A0-9F3D-457C-B088-3A5042F75D52}") = "DeepLearningDINOGame", "DeepLearningDINOGame\DeepLearningDINOGame.pyproj", "{504639D2-EDBB-415A-84C6-B75C8CDCCB26}"
EndProject
Global
	GlobalSection(SolutionConfigurationPlatforms) = preSolution
		Debug|Any CPU = Debug|Any CPU
		Release|Any CPU = Release|Any CPU
	EndGlobalSection
	GlobalSection(ProjectConfigurationPlatforms) = postSolution
		{504639D2-EDBB-415A-84C6-B75C8CDCCB26}.Debug|Any CPU.ActiveCfg = Debug|Any CPU
		{504639D2-EDBB-415A-84C6-B75C8CDCCB26}.Debug|Any CPU.Build.0 = Debug|Any CPU
		{504639D2-EDBB-415A-84C6-B75C8CDCCB26}.Release|Any CPU.ActiveCfg = Release|Any CPU
		{504639D2-EDBB-415A-84C6-B75C8CDCCB26}.Release|Any CPU.Build.0 = Release|Any CPU
	EndGlobalSection
	GlobalSection(SolutionProperties) = preSolution
		HideSolutionNode = FALSE
	EndGlobalSection
	GlobalSection(ExtensibilityGlobals) = postSolution
		SolutionGuid = {E64ADFB8-7B80-430B-941D-FEAB40E493C1}
	EndGlobalSection
EndGlobal
